# THIS IS AN AUTOGENERATED FILE. DO NOT EDIT THIS FILE DIRECTLY.
# yarn lockfile v1


"@sjvair/monitor-map@^2.6.5":
  version "2.6.5"
  resolved "https://registry.yarnpkg.com/@sjvair/monitor-map/-/monitor-map-2.6.5.tgz#da36204d2ca7d44dacdae7963f9bb6c756636cdc"
  integrity sha512-ajDQ7GVkxnC1cF4BbE4GbxNTCp7IjiUzmPLf4hHonImg/3rk4q2Etnl8pVQvB3iqyk53e7h8eJa3dd0g0Oj1rw==

"@sjvair/sensor-scatterplot@^1.0.12":
  version "1.0.12"
  resolved "https://registry.npmjs.org/@sjvair/sensor-scatterplot/-/sensor-scatterplot-1.0.12.tgz"
  integrity sha512-p8j77gnWbnWeAjd1qpjAKA81wRktLaKygz8m0THp+y0Mf7upIweanjyu6YXT8/e/m+iuVCn70GNAbCOgDQ9LEA==

"@sjvair/web-widget@^2.0.0":
  version "2.0.0"
  resolved "https://registry.npmjs.org/@sjvair/web-widget/-/web-widget-2.0.0.tgz"
  integrity sha512-2iJ0PWEdsEkZn8vxL7Bn3E2bXQklk5eiUXES0/6i0WOSiyhkkSDz6CeNsIQBpNLMXSfZsSUDH8TeC4PqcGYoRA==

bulma-list@^1.2.0:
  version "1.2.0"
  resolved "https://registry.npmjs.org/bulma-list/-/bulma-list-1.2.0.tgz"
  integrity sha512-hOEVB32dtDyhXS+IqAt1TyRgZFjUTQ2RNXDG7MbvVokjMVeURDIDalGFO8UwjfkpjFMKQzJTlD/rdi3oDtdaHg==

bulma@^0.9.4:
  version "0.9.4"
  resolved "https://registry.npmjs.org/bulma/-/bulma-0.9.4.tgz"
  integrity sha512-86FlT5+1GrsgKbPLRRY7cGDg8fsJiP/jzTqXXVqiUZZ2aZT8uemEOHlU1CDU+TxklPEZ11HZNNWclRBBecP4CQ==
