# THIS IS AN AUTOGENERATED FILE. DO NOT EDIT THIS FILE DIRECTLY.
# yarn lockfile v1


"@creativebulma/bulma-tooltip@^1.2.0":
  version "1.2.0"
  resolved "https://registry.yarnpkg.com/@creativebulma/bulma-tooltip/-/bulma-tooltip-1.2.0.tgz#84dcdd59d94c09c2975fadbec1d3d765ae29c471"
  integrity sha512-ooImbeXEBxf77cttbzA7X5rC5aAWm9UsXIGViFOnsqB+6M944GkB28S5R4UWRqjFd2iW4zGEkEifAU+q43pt2w==

"@sjvair/web-widget@^2.0.1":
  version "2.0.1"
  resolved "https://registry.yarnpkg.com/@sjvair/web-widget/-/web-widget-2.0.1.tgz#888d75da0993ff9eb3085622d7c6621de2d95f4d"
  integrity sha512-Av1OFWayJ1K/yczbv/YSBaEanCBoBpYUcfODznrC9KFf+Hhqknnl1FNgj1d0s7De27v88mYXefz2uau5ythFZw==

bulma-list@^1.2.0:
  version "1.2.0"
  resolved "https://registry.npmjs.org/bulma-list/-/bulma-list-1.2.0.tgz"
  integrity sha512-hOEVB32dtDyhXS+IqAt1TyRgZFjUTQ2RNXDG7MbvVokjMVeURDIDalGFO8UwjfkpjFMKQzJTlD/rdi3oDtdaHg==

bulma@^0.9.4:
  version "0.9.4"
  resolved "https://registry.npmjs.org/bulma/-/bulma-0.9.4.tgz"
  integrity sha512-86FlT5+1GrsgKbPLRRY7cGDg8fsJiP/jzTqXXVqiUZZ2aZT8uemEOHlU1CDU+TxklPEZ11HZNNWclRBBecP4CQ==
